
Microsoft Visual Studio Solution File, Format Version 12.00
# Visual Studio Version 17
VisualStudioVersion = 17.0.31903.59
MinimumVisualStudioVersion = 10.0.40219.1
Project("{2150E333-8FDC-42A3-9474-1A3956D46DE8}") = "src", "src", "{827E0CD3-B72D-47B6-A68D-7590B98EB39B}"
EndProject
Project("{FAE04EC0-301F-11D3-BF4B-00C04F79EFBC}") = "Tripay.NET", "src\Tripay.NET\Tripay.NET.csproj", "{88DFE702-1458-4216-A854-9B0DE1AA6745}"
EndProject
Project("{2150E333-8FDC-42A3-9474-1A3956D46DE8}") = "tests", "tests", "{0AB3BF05-4346-4AA6-1389-037BE0695223}"
EndProject
Project("{FAE04EC0-301F-11D3-BF4B-00C04F79EFBC}") = "Tripay.NET.Tests", "tests\Tripay.NET.Tests\Tripay.NET.Tests.csproj", "{3003DAFF-5C18-4B77-9EC5-1311128A21D8}"
EndProject
Global
	GlobalSection(SolutionConfigurationPlatforms) = preSolution
		Debug|Any CPU = Debug|Any CPU
		Debug|x64 = Debug|x64
		Debug|x86 = Debug|x86
		Release|Any CPU = Release|Any CPU
		Release|x64 = Release|x64
		Release|x86 = Release|x86
	EndGlobalSection
	GlobalSection(ProjectConfigurationPlatforms) = postSolution
		{88DFE702-1458-4216-A854-9B0DE1AA6745}.Debug|Any CPU.ActiveCfg = Debug|Any CPU
		{88DFE702-1458-4216-A854-9B0DE1AA6745}.Debug|Any CPU.Build.0 = Debug|Any CPU
		{88DFE702-1458-4216-A854-9B0DE1AA6745}.Debug|x64.ActiveCfg = Debug|Any CPU
		{88DFE702-1458-4216-A854-9B0DE1AA6745}.Debug|x64.Build.0 = Debug|Any CPU
		{88DFE702-1458-4216-A854-9B0DE1AA6745}.Debug|x86.ActiveCfg = Debug|Any CPU
		{88DFE702-1458-4216-A854-9B0DE1AA6745}.Debug|x86.Build.0 = Debug|Any CPU
		{88DFE702-1458-4216-A854-9B0DE1AA6745}.Release|Any CPU.ActiveCfg = Release|Any CPU
		{88DFE702-1458-4216-A854-9B0DE1AA6745}.Release|Any CPU.Build.0 = Release|Any CPU
		{88DFE702-1458-4216-A854-9B0DE1AA6745}.Release|x64.ActiveCfg = Release|Any CPU
		{88DFE702-1458-4216-A854-9B0DE1AA6745}.Release|x64.Build.0 = Release|Any CPU
		{88DFE702-1458-4216-A854-9B0DE1AA6745}.Release|x86.ActiveCfg = Release|Any CPU
		{88DFE702-1458-4216-A854-9B0DE1AA6745}.Release|x86.Build.0 = Release|Any CPU
		{3003DAFF-5C18-4B77-9EC5-1311128A21D8}.Debug|Any CPU.ActiveCfg = Debug|Any CPU
		{3003DAFF-5C18-4B77-9EC5-1311128A21D8}.Debug|Any CPU.Build.0 = Debug|Any CPU
		{3003DAFF-5C18-4B77-9EC5-1311128A21D8}.Debug|x64.ActiveCfg = Debug|Any CPU
		{3003DAFF-5C18-4B77-9EC5-1311128A21D8}.Debug|x64.Build.0 = Debug|Any CPU
		{3003DAFF-5C18-4B77-9EC5-1311128A21D8}.Debug|x86.ActiveCfg = Debug|Any CPU
		{3003DAFF-5C18-4B77-9EC5-1311128A21D8}.Debug|x86.Build.0 = Debug|Any CPU
		{3003DAFF-5C18-4B77-9EC5-1311128A21D8}.Release|Any CPU.ActiveCfg = Release|Any CPU
		{3003DAFF-5C18-4B77-9EC5-1311128A21D8}.Release|Any CPU.Build.0 = Release|Any CPU
		{3003DAFF-5C18-4B77-9EC5-1311128A21D8}.Release|x64.ActiveCfg = Release|Any CPU
		{3003DAFF-5C18-4B77-9EC5-1311128A21D8}.Release|x64.Build.0 = Release|Any CPU
		{3003DAFF-5C18-4B77-9EC5-1311128A21D8}.Release|x86.ActiveCfg = Release|Any CPU
		{3003DAFF-5C18-4B77-9EC5-1311128A21D8}.Release|x86.Build.0 = Release|Any CPU
	EndGlobalSection
	GlobalSection(SolutionProperties) = preSolution
		HideSolutionNode = FALSE
	EndGlobalSection
	GlobalSection(NestedProjects) = preSolution
		{88DFE702-1458-4216-A854-9B0DE1AA6745} = {827E0CD3-B72D-47B6-A68D-7590B98EB39B}
		{3003DAFF-5C18-4B77-9EC5-1311128A21D8} = {0AB3BF05-4346-4AA6-1389-037BE0695223}
	EndGlobalSection
EndGlobal
